
Microsoft Visual Studio Solution File, Format Version 12.00
# Visual Studio Version 16
VisualStudioVersion = 16.0.30804.86
MinimumVisualStudioVersion = 10.0.40219.1
Project("{9A19103F-16F7-4668-BE54-9A1E7A4F7556}") = "Ebooks.Api", "Ebooks.Api\Ebooks.Api.csproj", "{C5383577-A428-47E5-ADDB-A31041D9D612}"
EndProject
Project("{9A19103F-16F7-4668-BE54-9A1E7A4F7556}") = "Ebooks.Core", "Ebooks.Core\Ebooks.Core.csproj", "{F76D10FA-8986-4502-B614-E496F68F47ED}"
EndProject
Project("{9A19103F-16F7-4668-BE54-9A1E7A4F7556}") = "Ebooks.Data", "Ebooks.Data\Ebooks.Data.csproj", "{37DA9F20-DC00-4063-AA58-257E45ED3F0C}"
EndProject
Project("{9A19103F-16F7-4668-BE54-9A1E7A4F7556}") = "Blazor.UI", "Blazor.UI\Blazor.UI.csproj", "{BC3B135A-4A19-4717-9989-D806ADF3276A}"
EndProject
Project("{E24C65DC-7377-472B-9ABA-BC803B73C61A}") = "Angular.UI(1)", "Angular.UI\", "{DCD546E0-CC02-481C-9CB7-9A4B97298F75}"
	ProjectSection(WebsiteProperties) = preProject
		TargetFrameworkMoniker = ".NETFramework,Version%3Dv4.0"
		Debug.AspNetCompiler.VirtualPath = "/localhost_50460"
		Debug.AspNetCompiler.PhysicalPath = "Angular.UI\"
		Debug.AspNetCompiler.TargetPath = "PrecompiledWeb\localhost_50460\"
		Debug.AspNetCompiler.Updateable = "true"
		Debug.AspNetCompiler.ForceOverwrite = "true"
		Debug.AspNetCompiler.FixedNames = "false"
		Debug.AspNetCompiler.Debug = "True"
		Release.AspNetCompiler.VirtualPath = "/localhost_50460"
		Release.AspNetCompiler.PhysicalPath = "Angular.UI\"
		Release.AspNetCompiler.TargetPath = "PrecompiledWeb\localhost_50460\"
		Release.AspNetCompiler.Updateable = "true"
		Release.AspNetCompiler.ForceOverwrite = "true"
		Release.AspNetCompiler.FixedNames = "false"
		Release.AspNetCompiler.Debug = "False"
		VWDPort = "50460"
		SlnRelativePath = "Angular.UI\"
	EndProjectSection
EndProject
Global
	GlobalSection(SolutionConfigurationPlatforms) = preSolution
		Debug|Any CPU = Debug|Any CPU
		Release|Any CPU = Release|Any CPU
	EndGlobalSection
	GlobalSection(ProjectConfigurationPlatforms) = postSolution
		{C5383577-A428-47E5-ADDB-A31041D9D612}.Debug|Any CPU.ActiveCfg = Debug|Any CPU
		{C5383577-A428-47E5-ADDB-A31041D9D612}.Debug|Any CPU.Build.0 = Debug|Any CPU
		{C5383577-A428-47E5-ADDB-A31041D9D612}.Release|Any CPU.ActiveCfg = Release|Any CPU
		{C5383577-A428-47E5-ADDB-A31041D9D612}.Release|Any CPU.Build.0 = Release|Any CPU
		{F76D10FA-8986-4502-B614-E496F68F47ED}.Debug|Any CPU.ActiveCfg = Debug|Any CPU
		{F76D10FA-8986-4502-B614-E496F68F47ED}.Debug|Any CPU.Build.0 = Debug|Any CPU
		{F76D10FA-8986-4502-B614-E496F68F47ED}.Release|Any CPU.ActiveCfg = Release|Any CPU
		{F76D10FA-8986-4502-B614-E496F68F47ED}.Release|Any CPU.Build.0 = Release|Any CPU
		{37DA9F20-DC00-4063-AA58-257E45ED3F0C}.Debug|Any CPU.ActiveCfg = Debug|Any CPU
		{37DA9F20-DC00-4063-AA58-257E45ED3F0C}.Debug|Any CPU.Build.0 = Debug|Any CPU
		{37DA9F20-DC00-4063-AA58-257E45ED3F0C}.Release|Any CPU.ActiveCfg = Release|Any CPU
		{37DA9F20-DC00-4063-AA58-257E45ED3F0C}.Release|Any CPU.Build.0 = Release|Any CPU
		{BC3B135A-4A19-4717-9989-D806ADF3276A}.Debug|Any CPU.ActiveCfg = Debug|Any CPU
		{BC3B135A-4A19-4717-9989-D806ADF3276A}.Debug|Any CPU.Build.0 = Debug|Any CPU
		{BC3B135A-4A19-4717-9989-D806ADF3276A}.Release|Any CPU.ActiveCfg = Release|Any CPU
		{BC3B135A-4A19-4717-9989-D806ADF3276A}.Release|Any CPU.Build.0 = Release|Any CPU
		{DCD546E0-CC02-481C-9CB7-9A4B97298F75}.Debug|Any CPU.ActiveCfg = Debug|Any CPU
		{DCD546E0-CC02-481C-9CB7-9A4B97298F75}.Debug|Any CPU.Build.0 = Debug|Any CPU
		{DCD546E0-CC02-481C-9CB7-9A4B97298F75}.Release|Any CPU.ActiveCfg = Debug|Any CPU
		{DCD546E0-CC02-481C-9CB7-9A4B97298F75}.Release|Any CPU.Build.0 = Debug|Any CPU
	EndGlobalSection
	GlobalSection(SolutionProperties) = preSolution
		HideSolutionNode = FALSE
	EndGlobalSection
	GlobalSection(ExtensibilityGlobals) = postSolution
		SolutionGuid = {92D6FD37-961D-48D5-928A-E9B34FDAEC40}
	EndGlobalSection
EndGlobal
